
Microsoft Visual Studio Solution File, Format Version 12.00
# Visual Studio 14
VisualStudioVersion = 14.0.25420.1
MinimumVisualStudioVersion = 10.0.40219.1
Project("{8BC9CEB8-8B4A-11D0-8D11-00A0C91BC942}") = "Unify", "Unify.vcxproj", "{AD285766-AD5F-4006-91AA-4919F27EF77B}"
EndProject
Project("{2150E333-8FDC-42A3-9474-1A3956D46DE8}") = "Tests", "Tests", "{B5BC9CEA-9C61-411A-B3D0-D8770E0DE5B5}"
EndProject
Project("{8BC9CEB8-8B4A-11D0-8D11-00A0C91BC942}") = "01test01-General", "01tests\01test01-General\01test01-General.vcxproj", "{334B3E02-C447-4B0D-8B60-6F95EE422565}"
	ProjectSection(ProjectDependencies) = postProject
		{AD285766-AD5F-4006-91AA-4919F27EF77B} = {AD285766-AD5F-4006-91AA-4919F27EF77B}
	EndProjectSection
EndProject
Project("{8BC9CEB8-8B4A-11D0-8D11-00A0C91BC942}") = "01test02-Strings", "01tests\01test02-Strings\01test02-Strings.vcxproj", "{00668733-5A76-40D1-A681-FE427045FF66}"
	ProjectSection(ProjectDependencies) = postProject
		{AD285766-AD5F-4006-91AA-4919F27EF77B} = {AD285766-AD5F-4006-91AA-4919F27EF77B}
	EndProjectSection
EndProject
Project("{8BC9CEB8-8B4A-11D0-8D11-00A0C91BC942}") = "01test03-TimeDetla", "01tests\01test03-TimeDelta\01test03-TimeDelta.vcxproj", "{BAB4ED4C-CE2D-472B-91E1-73C1A7046894}"
	ProjectSection(ProjectDependencies) = postProject
		{AD285766-AD5F-4006-91AA-4919F27EF77B} = {AD285766-AD5F-4006-91AA-4919F27EF77B}
	EndProjectSection
EndProject
Project("{8BC9CEB8-8B4A-11D0-8D11-00A0C91BC942}") = "01test04-Any", "01tests\01test04-Any\01test04-Any.vcxproj", "{FC9FA046-7306-4EB5-9847-B377A8AFBFFA}"
	ProjectSection(ProjectDependencies) = postProject
		{AD285766-AD5F-4006-91AA-4919F27EF77B} = {AD285766-AD5F-4006-91AA-4919F27EF77B}
	EndProjectSection
EndProject
Project("{8BC9CEB8-8B4A-11D0-8D11-00A0C91BC942}") = "01test05-Path", "01tests\01test05-Path\01test05-Path.vcxproj", "{BFDFDDD1-219C-475A-A0C4-FCEC03D4AA2E}"
	ProjectSection(ProjectDependencies) = postProject
		{AD285766-AD5F-4006-91AA-4919F27EF77B} = {AD285766-AD5F-4006-91AA-4919F27EF77B}
	EndProjectSection
EndProject
Project("{8BC9CEB8-8B4A-11D0-8D11-00A0C91BC942}") = "01test06-Geometry", "01tests\01test06-Geometry\01test06-Geometry.vcxproj", "{6C6921A7-3EE8-48FB-A9CF-F477AF566D20}"
	ProjectSection(ProjectDependencies) = postProject
		{AD285766-AD5F-4006-91AA-4919F27EF77B} = {AD285766-AD5F-4006-91AA-4919F27EF77B}
	EndProjectSection
EndProject
Project("{8BC9CEB8-8B4A-11D0-8D11-00A0C91BC942}") = "01test07-Lookup", "01tests\01test07-Lookup\01test07-Lookup.vcxproj", "{B734556E-2B30-4672-B621-51B072FBB2FB}"
	ProjectSection(ProjectDependencies) = postProject
		{AD285766-AD5F-4006-91AA-4919F27EF77B} = {AD285766-AD5F-4006-91AA-4919F27EF77B}
	EndProjectSection
EndProject
Project("{8BC9CEB8-8B4A-11D0-8D11-00A0C91BC942}") = "01test08-DataLock", "01tests\01test08-DataLock\01test08-DataLock.vcxproj", "{2BD689B9-F21E-4B02-A9FE-3D4E80580DE3}"
	ProjectSection(ProjectDependencies) = postProject
		{AD285766-AD5F-4006-91AA-4919F27EF77B} = {AD285766-AD5F-4006-91AA-4919F27EF77B}
	EndProjectSection
EndProject
Project("{8BC9CEB8-8B4A-11D0-8D11-00A0C91BC942}") = "01test09-Parameters", "01tests\01test09-Parameters\01test09-Parameters.vcxproj", "{39EE800C-EA73-4E64-B0D0-A591066CE1CE}"
	ProjectSection(ProjectDependencies) = postProject
		{AD285766-AD5F-4006-91AA-4919F27EF77B} = {AD285766-AD5F-4006-91AA-4919F27EF77B}
	EndProjectSection
EndProject
Global
	GlobalSection(SolutionConfigurationPlatforms) = preSolution
		Debug|Win32 = Debug|Win32
		Debug|x64 = Debug|x64
		Release|Win32 = Release|Win32
		Release|x64 = Release|x64
	EndGlobalSection
	GlobalSection(ProjectConfigurationPlatforms) = postSolution
		{AD285766-AD5F-4006-91AA-4919F27EF77B}.Debug|Win32.ActiveCfg = Debug|Win32
		{AD285766-AD5F-4006-91AA-4919F27EF77B}.Debug|Win32.Build.0 = Debug|Win32
		{AD285766-AD5F-4006-91AA-4919F27EF77B}.Debug|Win32.Deploy.0 = Debug|Win32
		{AD285766-AD5F-4006-91AA-4919F27EF77B}.Debug|x64.ActiveCfg = Debug|Win32
		{AD285766-AD5F-4006-91AA-4919F27EF77B}.Release|Win32.ActiveCfg = Release|Win32
		{AD285766-AD5F-4006-91AA-4919F27EF77B}.Release|Win32.Build.0 = Release|Win32
		{AD285766-AD5F-4006-91AA-4919F27EF77B}.Release|Win32.Deploy.0 = Release|Win32
		{AD285766-AD5F-4006-91AA-4919F27EF77B}.Release|x64.ActiveCfg = Release|Win32
		{334B3E02-C447-4B0D-8B60-6F95EE422565}.Debug|Win32.ActiveCfg = Debug|Win32
		{334B3E02-C447-4B0D-8B60-6F95EE422565}.Debug|Win32.Build.0 = Debug|Win32
		{334B3E02-C447-4B0D-8B60-6F95EE422565}.Debug|x64.ActiveCfg = Debug|Win32
		{334B3E02-C447-4B0D-8B60-6F95EE422565}.Release|Win32.ActiveCfg = Release|Win32
		{334B3E02-C447-4B0D-8B60-6F95EE422565}.Release|Win32.Build.0 = Release|Win32
		{334B3E02-C447-4B0D-8B60-6F95EE422565}.Release|x64.ActiveCfg = Release|Win32
		{00668733-5A76-40D1-A681-FE427045FF66}.Debug|Win32.ActiveCfg = Debug|Win32
		{00668733-5A76-40D1-A681-FE427045FF66}.Debug|Win32.Build.0 = Debug|Win32
		{00668733-5A76-40D1-A681-FE427045FF66}.Debug|x64.ActiveCfg = Debug|Win32
		{00668733-5A76-40D1-A681-FE427045FF66}.Release|Win32.ActiveCfg = Release|Win32
		{00668733-5A76-40D1-A681-FE427045FF66}.Release|Win32.Build.0 = Release|Win32
		{00668733-5A76-40D1-A681-FE427045FF66}.Release|x64.ActiveCfg = Release|Win32
		{BAB4ED4C-CE2D-472B-91E1-73C1A7046894}.Debug|Win32.ActiveCfg = Debug|Win32
		{BAB4ED4C-CE2D-472B-91E1-73C1A7046894}.Debug|Win32.Build.0 = Debug|Win32
		{BAB4ED4C-CE2D-472B-91E1-73C1A7046894}.Debug|x64.ActiveCfg = Debug|Win32
		{BAB4ED4C-CE2D-472B-91E1-73C1A7046894}.Release|Win32.ActiveCfg = Release|Win32
		{BAB4ED4C-CE2D-472B-91E1-73C1A7046894}.Release|Win32.Build.0 = Release|Win32
		{BAB4ED4C-CE2D-472B-91E1-73C1A7046894}.Release|x64.ActiveCfg = Release|Win32
		{FC9FA046-7306-4EB5-9847-B377A8AFBFFA}.Debug|Win32.ActiveCfg = Debug|Win32
		{FC9FA046-7306-4EB5-9847-B377A8AFBFFA}.Debug|Win32.Build.0 = Debug|Win32
		{FC9FA046-7306-4EB5-9847-B377A8AFBFFA}.Debug|x64.ActiveCfg = Debug|Win32
		{FC9FA046-7306-4EB5-9847-B377A8AFBFFA}.Release|Win32.ActiveCfg = Release|Win32
		{FC9FA046-7306-4EB5-9847-B377A8AFBFFA}.Release|Win32.Build.0 = Release|Win32
		{FC9FA046-7306-4EB5-9847-B377A8AFBFFA}.Release|x64.ActiveCfg = Release|Win32
		{BFDFDDD1-219C-475A-A0C4-FCEC03D4AA2E}.Debug|Win32.ActiveCfg = Debug|Win32
		{BFDFDDD1-219C-475A-A0C4-FCEC03D4AA2E}.Debug|Win32.Build.0 = Debug|Win32
		{BFDFDDD1-219C-475A-A0C4-FCEC03D4AA2E}.Debug|x64.ActiveCfg = Debug|Win32
		{BFDFDDD1-219C-475A-A0C4-FCEC03D4AA2E}.Release|Win32.ActiveCfg = Release|Win32
		{BFDFDDD1-219C-475A-A0C4-FCEC03D4AA2E}.Release|Win32.Build.0 = Release|Win32
		{BFDFDDD1-219C-475A-A0C4-FCEC03D4AA2E}.Release|x64.ActiveCfg = Release|Win32
		{6C6921A7-3EE8-48FB-A9CF-F477AF566D20}.Debug|Win32.ActiveCfg = Debug|Win32
		{6C6921A7-3EE8-48FB-A9CF-F477AF566D20}.Debug|Win32.Build.0 = Debug|Win32
		{6C6921A7-3EE8-48FB-A9CF-F477AF566D20}.Debug|x64.ActiveCfg = Debug|Win32
		{6C6921A7-3EE8-48FB-A9CF-F477AF566D20}.Release|Win32.ActiveCfg = Release|Win32
		{6C6921A7-3EE8-48FB-A9CF-F477AF566D20}.Release|Win32.Build.0 = Release|Win32
		{6C6921A7-3EE8-48FB-A9CF-F477AF566D20}.Release|x64.ActiveCfg = Release|Win32
		{B734556E-2B30-4672-B621-51B072FBB2FB}.Debug|Win32.ActiveCfg = Debug|Win32
		{B734556E-2B30-4672-B621-51B072FBB2FB}.Debug|Win32.Build.0 = Debug|Win32
		{B734556E-2B30-4672-B621-51B072FBB2FB}.Debug|x64.ActiveCfg = Debug|x64
		{B734556E-2B30-4672-B621-51B072FBB2FB}.Debug|x64.Build.0 = Debug|x64
		{B734556E-2B30-4672-B621-51B072FBB2FB}.Release|Win32.ActiveCfg = Release|Win32
		{B734556E-2B30-4672-B621-51B072FBB2FB}.Release|Win32.Build.0 = Release|Win32
		{B734556E-2B30-4672-B621-51B072FBB2FB}.Release|x64.ActiveCfg = Release|x64
		{B734556E-2B30-4672-B621-51B072FBB2FB}.Release|x64.Build.0 = Release|x64
		{2BD689B9-F21E-4B02-A9FE-3D4E80580DE3}.Debug|Win32.ActiveCfg = Debug|Win32
		{2BD689B9-F21E-4B02-A9FE-3D4E80580DE3}.Debug|Win32.Build.0 = Debug|Win32
		{2BD689B9-F21E-4B02-A9FE-3D4E80580DE3}.Debug|x64.ActiveCfg = Debug|x64
		{2BD689B9-F21E-4B02-A9FE-3D4E80580DE3}.Debug|x64.Build.0 = Debug|x64
		{2BD689B9-F21E-4B02-A9FE-3D4E80580DE3}.Release|Win32.ActiveCfg = Release|Win32
		{2BD689B9-F21E-4B02-A9FE-3D4E80580DE3}.Release|Win32.Build.0 = Release|Win32
		{2BD689B9-F21E-4B02-A9FE-3D4E80580DE3}.Release|x64.ActiveCfg = Release|x64
		{2BD689B9-F21E-4B02-A9FE-3D4E80580DE3}.Release|x64.Build.0 = Release|x64
		{39EE800C-EA73-4E64-B0D0-A591066CE1CE}.Debug|Win32.ActiveCfg = Debug|Win32
		{39EE800C-EA73-4E64-B0D0-A591066CE1CE}.Debug|Win32.Build.0 = Debug|Win32
		{39EE800C-EA73-4E64-B0D0-A591066CE1CE}.Debug|x64.ActiveCfg = Debug|x64
		{39EE800C-EA73-4E64-B0D0-A591066CE1CE}.Debug|x64.Build.0 = Debug|x64
		{39EE800C-EA73-4E64-B0D0-A591066CE1CE}.Release|Win32.ActiveCfg = Release|Win32
		{39EE800C-EA73-4E64-B0D0-A591066CE1CE}.Release|Win32.Build.0 = Release|Win32
		{39EE800C-EA73-4E64-B0D0-A591066CE1CE}.Release|x64.ActiveCfg = Release|x64
		{39EE800C-EA73-4E64-B0D0-A591066CE1CE}.Release|x64.Build.0 = Release|x64
	EndGlobalSection
	GlobalSection(SolutionProperties) = preSolution
		HideSolutionNode = FALSE
	EndGlobalSection
	GlobalSection(NestedProjects) = preSolution
		{334B3E02-C447-4B0D-8B60-6F95EE422565} = {B5BC9CEA-9C61-411A-B3D0-D8770E0DE5B5}
		{00668733-5A76-40D1-A681-FE427045FF66} = {B5BC9CEA-9C61-411A-B3D0-D8770E0DE5B5}
		{BAB4ED4C-CE2D-472B-91E1-73C1A7046894} = {B5BC9CEA-9C61-411A-B3D0-D8770E0DE5B5}
		{FC9FA046-7306-4EB5-9847-B377A8AFBFFA} = {B5BC9CEA-9C61-411A-B3D0-D8770E0DE5B5}
		{BFDFDDD1-219C-475A-A0C4-FCEC03D4AA2E} = {B5BC9CEA-9C61-411A-B3D0-D8770E0DE5B5}
		{6C6921A7-3EE8-48FB-A9CF-F477AF566D20} = {B5BC9CEA-9C61-411A-B3D0-D8770E0DE5B5}
		{B734556E-2B30-4672-B621-51B072FBB2FB} = {B5BC9CEA-9C61-411A-B3D0-D8770E0DE5B5}
		{2BD689B9-F21E-4B02-A9FE-3D4E80580DE3} = {B5BC9CEA-9C61-411A-B3D0-D8770E0DE5B5}
		{39EE800C-EA73-4E64-B0D0-A591066CE1CE} = {B5BC9CEA-9C61-411A-B3D0-D8770E0DE5B5}
	EndGlobalSection
EndGlobal
