<?xml version="1.0" encoding="utf-8"?>
<Project ToolsVersion="4.0" xmlns="http://schemas.microsoft.com/developer/msbuild/2003">
  <ItemGroup>
    <ClCompile Include="unify\Angle.cpp">
      <Filter>unify</Filter>
    </ClCompile>
    <ClCompile Include="unify\Cast.cpp">
      <Filter>unify</Filter>
    </ClCompile>
    <ClCompile Include="unify\Color.cpp">
      <Filter>unify</Filter>
    </ClCompile>
    <ClCompile Include="unify\ColorUnit.cpp">
      <Filter>unify</Filter>
    </ClCompile>
    <ClCompile Include="unify\DataLock.cpp">
      <Filter>unify</Filter>
    </ClCompile>
    <ClCompile Include="unify\Frame.cpp">
      <Filter>unify</Filter>
    </ClCompile>
    <ClCompile Include="unify\FrameSet.cpp">
      <Filter>unify</Filter>
    </ClCompile>
    <ClCompile Include="unify\FStream.cpp">
      <Filter>unify</Filter>
    </ClCompile>
    <ClCompile Include="unify\Matrix.cpp">
      <Filter>unify</Filter>
    </ClCompile>
    <ClCompile Include="unify\NinePoint.cpp">
      <Filter>unify</Filter>
    </ClCompile>
    <ClCompile Include="unify\Parameters.cpp">
      <Filter>unify</Filter>
    </ClCompile>
    <ClCompile Include="unify\Path.cpp">
      <Filter>unify</Filter>
    </ClCompile>
    <ClCompile Include="unify\Plane.cpp">
      <Filter>unify</Filter>
    </ClCompile>
    <ClCompile Include="unify\Quaternion.cpp">
      <Filter>unify</Filter>
    </ClCompile>
    <ClCompile Include="unify\Stream.cpp">
      <Filter>unify</Filter>
    </ClCompile>
    <ClCompile Include="unify\String.cpp">
      <Filter>unify</Filter>
    </ClCompile>
    <ClCompile Include="unify\TexArea.cpp">
      <Filter>unify</Filter>
    </ClCompile>
    <ClCompile Include="unify\TexCoords.cpp">
      <Filter>unify</Filter>
    </ClCompile>
    <ClCompile Include="unify\TimeDelta.cpp">
      <Filter>unify</Filter>
    </ClCompile>
    <ClCompile Include="unify\Variant.cpp">
      <Filter>unify</Filter>
    </ClCompile>
    <ClCompile Include="unify\FrameLite.cpp">
      <Filter>unify</Filter>
    </ClCompile>
    <ClCompile Include="unify\AssetPaths.cpp">
      <Filter>unify</Filter>
    </ClCompile>
    <ClCompile Include="unify\FrameSetInstance.cpp">
      <Filter>unify</Filter>
    </ClCompile>
    <ClCompile Include="unify\Owner.cpp">
      <Filter>unify</Filter>
    </ClCompile>
    <ClCompile Include="unify\Frustum.cpp">
      <Filter>unify</Filter>
    </ClCompile>
    <ClCompile Include="unify\Ray.cpp">
      <Filter>unify</Filter>
    </ClCompile>
    <ClCompile Include="unify\test\DefaultAssertHandler.cpp">
      <Filter>unify\test</Filter>
    </ClCompile>
    <ClCompile Include="unify\test\Suite.cpp">
      <Filter>unify\test</Filter>
    </ClCompile>
    <ClCompile Include="unify\test\DefaultEventHandlers.cpp">
      <Filter>unify\test</Filter>
    </ClCompile>
    <ClCompile Include="unify\test\DefaultOutputHandlers.cpp">
      <Filter>unify\test</Filter>
    </ClCompile>
  </ItemGroup>
  <ItemGroup>
    <ClInclude Include="unify\Angle.h">
      <Filter>unify</Filter>
    </ClInclude>
    <ClInclude Include="unify\Any.h">
      <Filter>unify</Filter>
    </ClInclude>
    <ClInclude Include="unify\BBox.h">
      <Filter>unify</Filter>
    </ClInclude>
    <ClInclude Include="unify\BSphere.h">
      <Filter>unify</Filter>
    </ClInclude>
    <ClInclude Include="unify\BSquare.h">
      <Filter>unify</Filter>
    </ClInclude>
    <ClInclude Include="unify\Cast.h">
      <Filter>unify</Filter>
    </ClInclude>
    <ClInclude Include="unify\Color.h">
      <Filter>unify</Filter>
    </ClInclude>
    <ClInclude Include="unify\ColorUnit.h">
      <Filter>unify</Filter>
    </ClInclude>
    <ClInclude Include="unify\DataLock.h">
      <Filter>unify</Filter>
    </ClInclude>
    <ClInclude Include="unify\Exception.h">
      <Filter>unify</Filter>
    </ClInclude>
    <ClInclude Include="unify\Flags.h">
      <Filter>unify</Filter>
    </ClInclude>
    <ClInclude Include="unify\Frame.h">
      <Filter>unify</Filter>
    </ClInclude>
    <ClInclude Include="unify\FrameSet.h">
      <Filter>unify</Filter>
    </ClInclude>
    <ClInclude Include="unify\FStream.h">
      <Filter>unify</Filter>
    </ClInclude>
    <ClInclude Include="unify\LinkList.h">
      <Filter>unify</Filter>
    </ClInclude>
    <ClInclude Include="unify\List.h">
      <Filter>unify</Filter>
    </ClInclude>
    <ClInclude Include="unify\Matrix.h">
      <Filter>unify</Filter>
    </ClInclude>
    <ClInclude Include="unify\NinePoint.h">
      <Filter>unify</Filter>
    </ClInclude>
    <ClInclude Include="unify\Optional.h">
      <Filter>unify</Filter>
    </ClInclude>
    <ClInclude Include="unify\Parameters.h">
      <Filter>unify</Filter>
    </ClInclude>
    <ClInclude Include="unify\Path.h">
      <Filter>unify</Filter>
    </ClInclude>
    <ClInclude Include="unify\Plane.h">
      <Filter>unify</Filter>
    </ClInclude>
    <ClInclude Include="unify\Quaternion.h">
      <Filter>unify</Filter>
    </ClInclude>
    <ClInclude Include="unify\Ray.h">
      <Filter>unify</Filter>
    </ClInclude>
    <ClInclude Include="unify\Rect.h">
      <Filter>unify</Filter>
    </ClInclude>
    <ClInclude Include="unify\RowColumn.h">
      <Filter>unify</Filter>
    </ClInclude>
    <ClInclude Include="unify\Size.h">
      <Filter>unify</Filter>
    </ClInclude>
    <ClInclude Include="unify\Size3.h">
      <Filter>unify</Filter>
    </ClInclude>
    <ClInclude Include="unify\Stream.h">
      <Filter>unify</Filter>
    </ClInclude>
    <ClInclude Include="unify\String.h">
      <Filter>unify</Filter>
    </ClInclude>
    <ClInclude Include="unify\TexArea.h">
      <Filter>unify</Filter>
    </ClInclude>
    <ClInclude Include="unify\TexCoords.h">
      <Filter>unify</Filter>
    </ClInclude>
    <ClInclude Include="unify\TimeDelta.h">
      <Filter>unify</Filter>
    </ClInclude>
    <ClInclude Include="unify\Tree.h">
      <Filter>unify</Filter>
    </ClInclude>
    <ClInclude Include="unify\Triangle.h">
      <Filter>unify</Filter>
    </ClInclude>
    <ClInclude Include="unify\unify.h">
      <Filter>unify</Filter>
    </ClInclude>
    <ClInclude Include="unify\V2.h">
      <Filter>unify</Filter>
    </ClInclude>
    <ClInclude Include="unify\V3.h">
      <Filter>unify</Filter>
    </ClInclude>
    <ClInclude Include="unify\V4.h">
      <Filter>unify</Filter>
    </ClInclude>
    <ClInclude Include="unify\Variant.h">
      <Filter>unify</Filter>
    </ClInclude>
    <ClInclude Include="unify\Viewport.h">
      <Filter>unify</Filter>
    </ClInclude>
    <ClInclude Include="unify\FrameLite.h">
      <Filter>unify</Filter>
    </ClInclude>
    <ClInclude Include="unify\Math.h">
      <Filter>unify</Filter>
    </ClInclude>
    <ClInclude Include="unify\AssetPaths.h">
      <Filter>unify</Filter>
    </ClInclude>
    <ClInclude Include="unify\FrameSetInstance.h">
      <Filter>unify</Filter>
    </ClInclude>
    <ClInclude Include="unify\Owner.h">
      <Filter>unify</Filter>
    </ClInclude>
    <ClInclude Include="unify\Range.h">
      <Filter>unify</Filter>
    </ClInclude>
    <ClInclude Include="unify\Frustum.h">
      <Filter>unify</Filter>
    </ClInclude>
    <ClInclude Include="unify\TLink.h">
      <Filter>unify</Filter>
    </ClInclude>
    <ClInclude Include="unify\test\IAssertHandler.h">
      <Filter>unify\test</Filter>
    </ClInclude>
    <ClInclude Include="unify\test\IEventHandler.h">
      <Filter>unify\test</Filter>
    </ClInclude>
    <ClInclude Include="unify\test\Suite.h">
      <Filter>unify\test</Filter>
    </ClInclude>
    <ClInclude Include="unify\test\IOutputHandler.h">
      <Filter>unify\test</Filter>
    </ClInclude>
    <ClInclude Include="unify\test\DefaultAssertHandler.h">
      <Filter>unify\test</Filter>
    </ClInclude>
    <ClInclude Include="unify\test\DefaultEventHandlers.h">
      <Filter>unify\test</Filter>
    </ClInclude>
    <ClInclude Include="unify\test\DefaultOutputHandlers.h">
      <Filter>unify\test</Filter>
    </ClInclude>
  </ItemGroup>
  <ItemGroup>
    <None Include="unify\BBox.inl">
      <Filter>unify</Filter>
    </None>
    <None Include="unify\BSquare.inl">
      <Filter>unify</Filter>
    </None>
    <None Include="unify\Cast.inl">
      <Filter>unify</Filter>
    </None>
    <None Include="unify\LinkList.inl">
      <Filter>unify</Filter>
    </None>
    <None Include="unify\List.inl">
      <Filter>unify</Filter>
    </None>
    <None Include="unify\Optional.inl">
      <Filter>unify</Filter>
    </None>
    <None Include="unify\Parameters.inl">
      <Filter>unify</Filter>
    </None>
    <None Include="unify\Rect.inl">
      <Filter>unify</Filter>
    </None>
    <None Include="unify\RowColumn.inl">
      <Filter>unify</Filter>
    </None>
    <None Include="unify\Size.inl">
      <Filter>unify</Filter>
    </None>
    <None Include="unify\Size3.inl">
      <Filter>unify</Filter>
    </None>
    <None Include="unify\String.inl">
      <Filter>unify</Filter>
    </None>
    <None Include="unify\Tree.inl">
      <Filter>unify</Filter>
    </None>
    <None Include="unify\Triangle.inl">
      <Filter>unify</Filter>
    </None>
    <None Include="unify\V2.inl">
      <Filter>unify</Filter>
    </None>
    <None Include="unify\V3.inl">
      <Filter>unify</Filter>
    </None>
    <None Include="unify\V4.inl">
      <Filter>unify</Filter>
    </None>
    <None Include="unify\Viewport.inl">
      <Filter>unify</Filter>
    </None>
    <None Include="unify\Math.inl">
      <Filter>unify</Filter>
    </None>
    <None Include="unify\Range.inl">
      <Filter>unify</Filter>
    </None>
    <None Include="unify\BSphere.inl">
      <Filter>unify</Filter>
    </None>
    <None Include="unify\TLink.inl">
      <Filter>unify</Filter>
    </None>
  </ItemGroup>
  <ItemGroup>
    <Filter Include="unify">
      <UniqueIdentifier>{e6aa8063-da46-4613-8087-269f0d73ae8b}</UniqueIdentifier>
    </Filter>
    <Filter Include="unify\test">
      <UniqueIdentifier>{a60ab5db-ade3-47b1-ab64-1c71cd6354cc}</UniqueIdentifier>
    </Filter>
  </ItemGroup>
</Project>